# This file is automatically @generated by Cargo.
# It is not intended for manual editing.
version = 3

[[package]]
name = "huffman"
version = "0.1.0"

[[package]]
name = "inflate"
version = "0.1.0"

[[package]]
name = "lz77"
version = "0.1.0"

[[package]]
name = "myunzip"
version = "0.1.0"

[[package]]
name = "myunzip0"
version = "0.1.0"

[[package]]
name = "myzip"
version = "0.1.0"

[[package]]
name = "myzip0"
version = "0.1.0"
